
Microsoft Visual Studio Solution File, Format Version 12.00
# Visual Studio 15
VisualStudioVersion = 15.0.28307.168
MinimumVisualStudioVersion = 10.0.40219.1
Project("{FAE04EC0-301F-11D3-BF4B-00C04F79EFBC}") = "2D RPG", "2D RPG\2D RPG.csproj", "{1D8415B9-D5BD-4E34-B77F-60A4CC2D7289}"
EndProject
Global
	GlobalSection(SolutionConfigurationPlatforms) = preSolution
		Debug|Any CPU = Debug|Any CPU
		Debug|x86 = Debug|x86
		Release|Any CPU = Release|Any CPU
		Release|x86 = Release|x86
	EndGlobalSection
	GlobalSection(ProjectConfigurationPlatforms) = postSolution
		{1D8415B9-D5BD-4E34-B77F-60A4CC2D7289}.Debug|Any CPU.ActiveCfg = Debug|x86
		{1D8415B9-D5BD-4E34-B77F-60A4CC2D7289}.Debug|x86.ActiveCfg = Debug|x86
		{1D8415B9-D5BD-4E34-B77F-60A4CC2D7289}.Debug|x86.Build.0 = Debug|x86
		{1D8415B9-D5BD-4E34-B77F-60A4CC2D7289}.Release|Any CPU.ActiveCfg = Release|x86
		{1D8415B9-D5BD-4E34-B77F-60A4CC2D7289}.Release|x86.ActiveCfg = Release|x86
		{1D8415B9-D5BD-4E34-B77F-60A4CC2D7289}.Release|x86.Build.0 = Release|x86
	EndGlobalSection
	GlobalSection(SolutionProperties) = preSolution
		HideSolutionNode = FALSE
	EndGlobalSection
	GlobalSection(ExtensibilityGlobals) = postSolution
		SolutionGuid = {8F1B853A-382D-4D7F-BBA4-4F5189E1405F}
	EndGlobalSection
EndGlobal
